
Microsoft Visual Studio Solution File, Format Version 12.00
# Visual Studio 2012
Project("{FAE04EC0-301F-11D3-BF4B-00C04F79EFBC}") = "DemoMVC_AJAX", "DemoMVC_AJAX\DemoMVC_AJAX.csproj", "{F3AFA472-574A-4819-BE5D-620BC849E344}"
EndProject
Global
	GlobalSection(SolutionConfigurationPlatforms) = preSolution
		Debug|Any CPU = Debug|Any CPU
		Release|Any CPU = Release|Any CPU
	EndGlobalSection
	GlobalSection(ProjectConfigurationPlatforms) = postSolution
		{F3AFA472-574A-4819-BE5D-620BC849E344}.Debug|Any CPU.ActiveCfg = Debug|Any CPU
		{F3AFA472-574A-4819-BE5D-620BC849E344}.Debug|Any CPU.Build.0 = Debug|Any CPU
		{F3AFA472-574A-4819-BE5D-620BC849E344}.Release|Any CPU.ActiveCfg = Release|Any CPU
		{F3AFA472-574A-4819-BE5D-620BC849E344}.Release|Any CPU.Build.0 = Release|Any CPU
	EndGlobalSection
	GlobalSection(SolutionProperties) = preSolution
		HideSolutionNode = FALSE
	EndGlobalSection
EndGlobal
