
Microsoft Visual Studio Solution File, Format Version 12.00
# Visual Studio 2012
Project("{FAE04EC0-301F-11D3-BF4B-00C04F79EFBC}") = "DemoMVC_WebAPI", "DemoMVC_WebAPI\DemoMVC_WebAPI.csproj", "{48E5A709-BCAD-453F-B585-3FAB5753CA8C}"
EndProject
Project("{FAE04EC0-301F-11D3-BF4B-00C04F79EFBC}") = "DemoMVC5", "DemoMVC5\DemoMVC5.csproj", "{A65AC252-E51F-4A2A-98E0-59DC3B5C231F}"
EndProject
Global
	GlobalSection(SolutionConfigurationPlatforms) = preSolution
		Debug|Any CPU = Debug|Any CPU
		Release|Any CPU = Release|Any CPU
	EndGlobalSection
	GlobalSection(ProjectConfigurationPlatforms) = postSolution
		{48E5A709-BCAD-453F-B585-3FAB5753CA8C}.Debug|Any CPU.ActiveCfg = Debug|Any CPU
		{48E5A709-BCAD-453F-B585-3FAB5753CA8C}.Debug|Any CPU.Build.0 = Debug|Any CPU
		{48E5A709-BCAD-453F-B585-3FAB5753CA8C}.Release|Any CPU.ActiveCfg = Release|Any CPU
		{48E5A709-BCAD-453F-B585-3FAB5753CA8C}.Release|Any CPU.Build.0 = Release|Any CPU
		{A65AC252-E51F-4A2A-98E0-59DC3B5C231F}.Debug|Any CPU.ActiveCfg = Debug|Any CPU
		{A65AC252-E51F-4A2A-98E0-59DC3B5C231F}.Debug|Any CPU.Build.0 = Debug|Any CPU
		{A65AC252-E51F-4A2A-98E0-59DC3B5C231F}.Release|Any CPU.ActiveCfg = Release|Any CPU
		{A65AC252-E51F-4A2A-98E0-59DC3B5C231F}.Release|Any CPU.Build.0 = Release|Any CPU
	EndGlobalSection
	GlobalSection(SolutionProperties) = preSolution
		HideSolutionNode = FALSE
	EndGlobalSection
EndGlobal
